Microsoft Visual Studio Solution File, Format Version 10.00
# Visual Studio 2008

Project("{3220BBA0-7C0E-73BE-0145-9A3366F146B5}") = "uKode", "Assembly-CSharp-firstpass.csproj", "{CF92CA8A-4770-5258-F327-FCA31E423072}"
EndProject
Project("{3220BBA0-7C0E-73BE-0145-9A3366F146B5}") = "uKode", "Assembly-CSharp.csproj", "{A9D93866-CD86-8D65-3FA9-C7425AF6AD78}"
EndProject
Project("{3220BBA0-7C0E-73BE-0145-9A3366F146B5}") = "uKode", "Assembly-CSharp-Editor.csproj", "{6C49B979-400C-1879-DCFE-4B591C8A4094}"
EndProject
Project("{3220BBA0-7C0E-73BE-0145-9A3366F146B5}") = "uKode", "Assembly-UnityScript-firstpass.unityproj", "{A8F1082B-F4DB-C2F0-38DF-27472618BD77}"
EndProject
Global
	GlobalSection(SolutionConfigurationPlatforms) = preSolution
		Debug|Any CPU = Debug|Any CPU
		Release|Any CPU = Release|Any CPU
	EndGlobalSection
	GlobalSection(ProjectConfigurationPlatforms) = postSolution
		{CF92CA8A-4770-5258-F327-FCA31E423072}.Debug|Any CPU.ActiveCfg = Debug|Any CPU
		{CF92CA8A-4770-5258-F327-FCA31E423072}.Debug|Any CPU.Build.0 = Debug|Any CPU
		{CF92CA8A-4770-5258-F327-FCA31E423072}.Release|Any CPU.ActiveCfg = Release|Any CPU
		{CF92CA8A-4770-5258-F327-FCA31E423072}.Release|Any CPU.Build.0 = Release|Any CPU
		{A9D93866-CD86-8D65-3FA9-C7425AF6AD78}.Debug|Any CPU.ActiveCfg = Debug|Any CPU
		{A9D93866-CD86-8D65-3FA9-C7425AF6AD78}.Debug|Any CPU.Build.0 = Debug|Any CPU
		{A9D93866-CD86-8D65-3FA9-C7425AF6AD78}.Release|Any CPU.ActiveCfg = Release|Any CPU
		{A9D93866-CD86-8D65-3FA9-C7425AF6AD78}.Release|Any CPU.Build.0 = Release|Any CPU
		{6C49B979-400C-1879-DCFE-4B591C8A4094}.Debug|Any CPU.ActiveCfg = Debug|Any CPU
		{6C49B979-400C-1879-DCFE-4B591C8A4094}.Debug|Any CPU.Build.0 = Debug|Any CPU
		{6C49B979-400C-1879-DCFE-4B591C8A4094}.Release|Any CPU.ActiveCfg = Release|Any CPU
		{6C49B979-400C-1879-DCFE-4B591C8A4094}.Release|Any CPU.Build.0 = Release|Any CPU
		{A8F1082B-F4DB-C2F0-38DF-27472618BD77}.Debug|Any CPU.ActiveCfg = Debug|Any CPU
		{A8F1082B-F4DB-C2F0-38DF-27472618BD77}.Debug|Any CPU.Build.0 = Debug|Any CPU
		{A8F1082B-F4DB-C2F0-38DF-27472618BD77}.Release|Any CPU.ActiveCfg = Release|Any CPU
		{A8F1082B-F4DB-C2F0-38DF-27472618BD77}.Release|Any CPU.Build.0 = Release|Any CPU
	EndGlobalSection
	GlobalSection(SolutionProperties) = preSolution
		HideSolutionNode = FALSE
	EndGlobalSection
	
EndGlobal
