Microsoft Visual Studio Solution File, Format Version 10.00
# Visual Studio 2008

Project("{3A44CB24-5ED4-AB4B-AC29-87B1960BF7D3}") = "WarpDrive", "Assembly-CSharp-firstpass.csproj", "{B54D881B-4FEC-8663-918F-56403913B00E}"
EndProject
Project("{3A44CB24-5ED4-AB4B-AC29-87B1960BF7D3}") = "WarpDrive", "Assembly-CSharp.csproj", "{CEFA2E72-9E15-79E9-8014-C477A5BE593B}"
EndProject
Project("{3A44CB24-5ED4-AB4B-AC29-87B1960BF7D3}") = "WarpDrive", "Assembly-CSharp-Editor.csproj", "{877FB412-58CD-1E79-6464-F545C953E08A}"
EndProject
Project("{3A44CB24-5ED4-AB4B-AC29-87B1960BF7D3}") = "WarpDrive", "Assembly-UnityScript-firstpass.unityproj", "{B1ACDB64-36F4-DD0C-9244-E0CDFBC82706}"
EndProject
Global
	GlobalSection(SolutionConfigurationPlatforms) = preSolution
		Debug|Any CPU = Debug|Any CPU
		Release|Any CPU = Release|Any CPU
	EndGlobalSection
	GlobalSection(ProjectConfigurationPlatforms) = postSolution
		{B54D881B-4FEC-8663-918F-56403913B00E}.Debug|Any CPU.ActiveCfg = Debug|Any CPU
		{B54D881B-4FEC-8663-918F-56403913B00E}.Debug|Any CPU.Build.0 = Debug|Any CPU
		{B54D881B-4FEC-8663-918F-56403913B00E}.Release|Any CPU.ActiveCfg = Release|Any CPU
		{B54D881B-4FEC-8663-918F-56403913B00E}.Release|Any CPU.Build.0 = Release|Any CPU
		{CEFA2E72-9E15-79E9-8014-C477A5BE593B}.Debug|Any CPU.ActiveCfg = Debug|Any CPU
		{CEFA2E72-9E15-79E9-8014-C477A5BE593B}.Debug|Any CPU.Build.0 = Debug|Any CPU
		{CEFA2E72-9E15-79E9-8014-C477A5BE593B}.Release|Any CPU.ActiveCfg = Release|Any CPU
		{CEFA2E72-9E15-79E9-8014-C477A5BE593B}.Release|Any CPU.Build.0 = Release|Any CPU
		{877FB412-58CD-1E79-6464-F545C953E08A}.Debug|Any CPU.ActiveCfg = Debug|Any CPU
		{877FB412-58CD-1E79-6464-F545C953E08A}.Debug|Any CPU.Build.0 = Debug|Any CPU
		{877FB412-58CD-1E79-6464-F545C953E08A}.Release|Any CPU.ActiveCfg = Release|Any CPU
		{877FB412-58CD-1E79-6464-F545C953E08A}.Release|Any CPU.Build.0 = Release|Any CPU
		{B1ACDB64-36F4-DD0C-9244-E0CDFBC82706}.Debug|Any CPU.ActiveCfg = Debug|Any CPU
		{B1ACDB64-36F4-DD0C-9244-E0CDFBC82706}.Debug|Any CPU.Build.0 = Debug|Any CPU
		{B1ACDB64-36F4-DD0C-9244-E0CDFBC82706}.Release|Any CPU.ActiveCfg = Release|Any CPU
		{B1ACDB64-36F4-DD0C-9244-E0CDFBC82706}.Release|Any CPU.Build.0 = Release|Any CPU
	EndGlobalSection
	GlobalSection(SolutionProperties) = preSolution
		HideSolutionNode = FALSE
	EndGlobalSection
	
EndGlobal
